// !$*UTF8*$!
{
	archiveVersion = 1;
	classes = {
	};
	objectVersion = 77;
	objects = {

/* Begin PBXBuildFile section */
		4F27A49F2E192E75001B784A /* AVFoundation.framework in Frameworks */ = {isa = PBXBuildFile; fileRef = 4F27A49E2E192E75001B784A /* AVFoundation.framework */; };
		4F27A4A02E192E79001B784A /* AVFoundation.framework in Frameworks */ = {isa = PBXBuildFile; fileRef = 4F27A49E2E192E75001B784A /* AVFoundation.framework */; };
		4F27A4A82E192F03001B784A /* UniformTypeIdentifiers.framework in Frameworks */ = {isa = PBXBuildFile; fileRef = 4F27A4A72E192F03001B784A /* UniformTypeIdentifiers.framework */; };
		4F27A4A92E192F07001B784A /* UniformTypeIdentifiers.framework in Frameworks */ = {isa = PBXBuildFile; fileRef = 4F27A4A72E192F03001B784A /* UniformTypeIdentifiers.framework */; };
		4F28D1982E191F9C00DA3986 /* WidgetKitPrivate.xcframework in Frameworks */ = {isa = PBXBuildFile; fileRef = 4F28D1972E191F9C00DA3986 /* WidgetKitPrivate.xcframework */; };
		4F60E87D2E1803BA00C896BB /* SwiftUI.framework in Frameworks */ = {isa = PBXBuildFile; fileRef = 4F9EEAB72E16941800602285 /* SwiftUI.framework */; };
		4F60E87E2E1803BA00C896BB /* WidgetKit.framework in Frameworks */ = {isa = PBXBuildFile; fileRef = 4F9EEAB52E16941700602285 /* WidgetKit.framework */; };
		4F60E8862E18042900C896BB /* MiscellaneousWidgetKit_WidgetExtension_Private.appex in Embed Foundation Extensions */ = {isa = PBXBuildFile; fileRef = 4F60E8832E1803BA00C896BB /* MiscellaneousWidgetKit_WidgetExtension_Private.appex */; settings = {ATTRIBUTES = (RemoveHeadersOnCopy, ); }; };
		4F8992A12E19494900D0C59F /* WidgetKitPrivate.xcframework in Frameworks */ = {isa = PBXBuildFile; fileRef = 4F28D1972E191F9C00DA3986 /* WidgetKitPrivate.xcframework */; };
		4F8992A42E194D6300D0C59F /* WidgetKitPrivate.xcframework in Frameworks */ = {isa = PBXBuildFile; fileRef = 4F28D1972E191F9C00DA3986 /* WidgetKitPrivate.xcframework */; };
		4F9EEAB62E16941800602285 /* WidgetKit.framework in Frameworks */ = {isa = PBXBuildFile; fileRef = 4F9EEAB52E16941700602285 /* WidgetKit.framework */; };
		4F9EEAB82E16941800602285 /* SwiftUI.framework in Frameworks */ = {isa = PBXBuildFile; fileRef = 4F9EEAB72E16941800602285 /* SwiftUI.framework */; };
		4F9EEACA2E16941800602285 /* MiscellaneousWidgetKit_WidgetExtension.appex in Embed Foundation Extensions */ = {isa = PBXBuildFile; fileRef = 4F9EEAB32E16941700602285 /* MiscellaneousWidgetKit_WidgetExtension.appex */; settings = {ATTRIBUTES = (RemoveHeadersOnCopy, ); }; };
		4FE651A02E176E39009A3DCF /* WidgetKit.framework in Frameworks */ = {isa = PBXBuildFile; fileRef = 4F9EEAB52E16941700602285 /* WidgetKit.framework */; };
		4FE651A12E176E39009A3DCF /* SwiftUI.framework in Frameworks */ = {isa = PBXBuildFile; fileRef = 4F9EEAB72E16941800602285 /* SwiftUI.framework */; };
		4FE651B02E176E3A009A3DCF /* MiscellaneousWidgetKit_Watch_WidgetExtension.appex in Embed Foundation Extensions */ = {isa = PBXBuildFile; fileRef = 4FE6519F2E176E39009A3DCF /* MiscellaneousWidgetKit_Watch_WidgetExtension.appex */; settings = {ATTRIBUTES = (RemoveHeadersOnCopy, ); }; };
		4FE6520B2E17CFEB009A3DCF /* MiscellaneousWidgetKit_Watch.app in Embed Watch Content */ = {isa = PBXBuildFile; fileRef = 4FF0E7C62E16E5580015B206 /* MiscellaneousWidgetKit_Watch.app */; platformFilter = ios; settings = {ATTRIBUTES = (RemoveHeadersOnCopy, ); }; };
		4FF0E7D02E16E5580015B206 /* MiscellaneousWidgetKit_Watch.app in Embed Watch Content */ = {isa = PBXBuildFile; fileRef = 4FF0E7C62E16E5580015B206 /* MiscellaneousWidgetKit_Watch.app */; platformFilter = ios; settings = {ATTRIBUTES = (RemoveHeadersOnCopy, ); }; };
/* End PBXBuildFile section */

/* Begin PBXContainerItemProxy section */
		4F60E8872E18042900C896BB /* PBXContainerItemProxy */ = {
			isa = PBXContainerItemProxy;
			containerPortal = 4F9EEA162E1672AB00602285 /* Project object */;
			proxyType = 1;
			remoteGlobalIDString = 4F60E87A2E1803BA00C896BB;
			remoteInfo = MiscellaneousWidgetKit_WidgetExtension_Private;
		};
		4F9EEAC72E16941800602285 /* PBXContainerItemProxy */ = {
			isa = PBXContainerItemProxy;
			containerPortal = 4F9EEA162E1672AB00602285 /* Project object */;
			proxyType = 1;
			remoteGlobalIDString = 4F9EEAB22E16941700602285;
			remoteInfo = MiscellaneousWidgetKit_WidgetExtensionExtension;
		};
		4FE651AE2E176E3A009A3DCF /* PBXContainerItemProxy */ = {
			isa = PBXContainerItemProxy;
			containerPortal = 4F9EEA162E1672AB00602285 /* Project object */;
			proxyType = 1;
			remoteGlobalIDString = 4FE6519E2E176E39009A3DCF;
			remoteInfo = MiscellaneousWidgetKit_Watch_WidgetExtensionExtension;
		};
		4FE652042E17CFEB009A3DCF /* PBXContainerItemProxy */ = {
			isa = PBXContainerItemProxy;
			containerPortal = 4F9EEA162E1672AB00602285 /* Project object */;
			proxyType = 1;
			remoteGlobalIDString = 4FF0E7C52E16E5580015B206;
			remoteInfo = "MiscellaneousWidgetKit Watch Watch App";
		};
		4FF0E7CE2E16E5580015B206 /* PBXContainerItemProxy */ = {
			isa = PBXContainerItemProxy;
			containerPortal = 4F9EEA162E1672AB00602285 /* Project object */;
			proxyType = 1;
			remoteGlobalIDString = 4FF0E7C52E16E5580015B206;
			remoteInfo = "MiscellaneousWidgetKit Watch Watch App";
		};
/* End PBXContainerItemProxy section */

/* Begin PBXCopyFilesBuildPhase section */
		4F60E8892E18042900C896BB /* Embed Foundation Extensions */ = {
			isa = PBXCopyFilesBuildPhase;
			buildActionMask = 2147483647;
			dstPath = "";
			dstSubfolderSpec = 13;
			files = (
				4F60E8862E18042900C896BB /* MiscellaneousWidgetKit_WidgetExtension_Private.appex in Embed Foundation Extensions */,
			);
			name = "Embed Foundation Extensions";
			runOnlyForDeploymentPostprocessing = 0;
		};
		4F9EEAC92E16941800602285 /* Embed Foundation Extensions */ = {
			isa = PBXCopyFilesBuildPhase;
			buildActionMask = 2147483647;
			dstPath = "";
			dstSubfolderSpec = 13;
			files = (
				4F9EEACA2E16941800602285 /* MiscellaneousWidgetKit_WidgetExtension.appex in Embed Foundation Extensions */,
			);
			name = "Embed Foundation Extensions";
			runOnlyForDeploymentPostprocessing = 0;
		};
		4FE6520A2E17CFEB009A3DCF /* Embed Watch Content */ = {
			isa = PBXCopyFilesBuildPhase;
			buildActionMask = 2147483647;
			dstPath = "$(CONTENTS_FOLDER_PATH)/Watch";
			dstSubfolderSpec = 16;
			files = (
				4FE6520B2E17CFEB009A3DCF /* MiscellaneousWidgetKit_Watch.app in Embed Watch Content */,
			);
			name = "Embed Watch Content";
			runOnlyForDeploymentPostprocessing = 0;
		};
		4FF0E7C12E16E51C0015B206 /* Embed Watch Content */ = {
			isa = PBXCopyFilesBuildPhase;
			buildActionMask = 2147483647;
			dstPath = "$(CONTENTS_FOLDER_PATH)/Watch";
			dstSubfolderSpec = 16;
			files = (
				4FF0E7D02E16E5580015B206 /* MiscellaneousWidgetKit_Watch.app in Embed Watch Content */,
			);
			name = "Embed Watch Content";
			runOnlyForDeploymentPostprocessing = 0;
		};
		4FF0E7D72E16E5D00015B206 /* Embed Foundation Extensions */ = {
			isa = PBXCopyFilesBuildPhase;
			buildActionMask = 2147483647;
			dstPath = "";
			dstSubfolderSpec = 13;
			files = (
				4FE651B02E176E3A009A3DCF /* MiscellaneousWidgetKit_Watch_WidgetExtension.appex in Embed Foundation Extensions */,
			);
			name = "Embed Foundation Extensions";
			runOnlyForDeploymentPostprocessing = 0;
		};
/* End PBXCopyFilesBuildPhase section */

/* Begin PBXFileReference section */
		4F27A49E2E192E75001B784A /* AVFoundation.framework */ = {isa = PBXFileReference; lastKnownFileType = wrapper.framework; name = AVFoundation.framework; path = System/Library/Frameworks/AVFoundation.framework; sourceTree = SDKROOT; };
		4F27A4A72E192F03001B784A /* UniformTypeIdentifiers.framework */ = {isa = PBXFileReference; lastKnownFileType = wrapper.framework; name = UniformTypeIdentifiers.framework; path = System/Library/Frameworks/UniformTypeIdentifiers.framework; sourceTree = SDKROOT; };
		4F28D1972E191F9C00DA3986 /* WidgetKitPrivate.xcframework */ = {isa = PBXFileReference; lastKnownFileType = wrapper.xcframework; path = WidgetKitPrivate.xcframework; sourceTree = "<group>"; };
		4F60E8832E1803BA00C896BB /* MiscellaneousWidgetKit_WidgetExtension_Private.appex */ = {isa = PBXFileReference; explicitFileType = "wrapper.app-extension"; includeInIndex = 0; path = MiscellaneousWidgetKit_WidgetExtension_Private.appex; sourceTree = BUILT_PRODUCTS_DIR; };
		4F9EEA1E2E1672AB00602285 /* MiscellaneousWidgetKit.app */ = {isa = PBXFileReference; explicitFileType = wrapper.application; includeInIndex = 0; path = MiscellaneousWidgetKit.app; sourceTree = BUILT_PRODUCTS_DIR; };
		4F9EEAB32E16941700602285 /* MiscellaneousWidgetKit_WidgetExtension.appex */ = {isa = PBXFileReference; explicitFileType = "wrapper.app-extension"; includeInIndex = 0; path = MiscellaneousWidgetKit_WidgetExtension.appex; sourceTree = BUILT_PRODUCTS_DIR; };
		4F9EEAB52E16941700602285 /* WidgetKit.framework */ = {isa = PBXFileReference; lastKnownFileType = wrapper.framework; name = WidgetKit.framework; path = System/Library/Frameworks/WidgetKit.framework; sourceTree = SDKROOT; };
		4F9EEAB72E16941800602285 /* SwiftUI.framework */ = {isa = PBXFileReference; lastKnownFileType = wrapper.framework; name = SwiftUI.framework; path = System/Library/Frameworks/SwiftUI.framework; sourceTree = SDKROOT; };
		4FE6519F2E176E39009A3DCF /* MiscellaneousWidgetKit_Watch_WidgetExtension.appex */ = {isa = PBXFileReference; explicitFileType = "wrapper.app-extension"; includeInIndex = 0; path = MiscellaneousWidgetKit_Watch_WidgetExtension.appex; sourceTree = BUILT_PRODUCTS_DIR; };
		4FE6520F2E17CFEB009A3DCF /* MiscellaneousWidgetKit_Private.app */ = {isa = PBXFileReference; explicitFileType = wrapper.application; includeInIndex = 0; path = MiscellaneousWidgetKit_Private.app; sourceTree = BUILT_PRODUCTS_DIR; };
		4FF0E7C62E16E5580015B206 /* MiscellaneousWidgetKit_Watch.app */ = {isa = PBXFileReference; explicitFileType = wrapper.application; includeInIndex = 0; path = MiscellaneousWidgetKit_Watch.app; sourceTree = BUILT_PRODUCTS_DIR; };
/* End PBXFileReference section */

/* Begin PBXFileSystemSynchronizedBuildFileExceptionSet section */
		4F60E8852E1803BA00C896BB /* Exceptions for "MiscellaneousWidgetKit_WidgetExtension" folder in "MiscellaneousWidgetKit_WidgetExtension_Private" target */ = {
			isa = PBXFileSystemSynchronizedBuildFileExceptionSet;
			membershipExceptions = (
				Info.plist,
			);
			target = 4F60E87A2E1803BA00C896BB /* MiscellaneousWidgetKit_WidgetExtension_Private */;
		};
		4F9EEA352E1672AC00602285 /* Exceptions for "MiscellaneousWidgetKit" folder in "MiscellaneousWidgetKit" target */ = {
			isa = PBXFileSystemSynchronizedBuildFileExceptionSet;
			membershipExceptions = (
				Info.plist,
			);
			platformFiltersByRelativePath = {
				"/Localized: LaunchScreen.storyboard" = (ios, );
			};
			target = 4F9EEA1D2E1672AB00602285 /* MiscellaneousWidgetKit */;
		};
		4F9EEACE2E16941800602285 /* Exceptions for "MiscellaneousWidgetKit_WidgetExtension" folder in "MiscellaneousWidgetKit_WidgetExtension" target */ = {
			isa = PBXFileSystemSynchronizedBuildFileExceptionSet;
			membershipExceptions = (
				Info.plist,
			);
			target = 4F9EEAB22E16941700602285 /* MiscellaneousWidgetKit_WidgetExtension */;
		};
		4FE651B42E176E3A009A3DCF /* Exceptions for "MiscellaneousWidgetKit_Watch_WidgetExtension" folder in "MiscellaneousWidgetKit_Watch_WidgetExtension" target */ = {
			isa = PBXFileSystemSynchronizedBuildFileExceptionSet;
			membershipExceptions = (
				Info.plist,
			);
			target = 4FE6519E2E176E39009A3DCF /* MiscellaneousWidgetKit_Watch_WidgetExtension */;
		};
		4FE651C02E176F6B009A3DCF /* Exceptions for "MiscellaneousWidgetKit" folder in "MiscellaneousWidgetKit_Watch" target */ = {
			isa = PBXFileSystemSynchronizedBuildFileExceptionSet;
			membershipExceptions = (
				MyWidgetCenter.mm,
			);
			target = 4FF0E7C52E16E5580015B206 /* MiscellaneousWidgetKit_Watch */;
		};
		4FE652112E17CFEB009A3DCF /* Exceptions for "MiscellaneousWidgetKit" folder in "MiscellaneousWidgetKit_Private" target */ = {
			isa = PBXFileSystemSynchronizedBuildFileExceptionSet;
			membershipExceptions = (
				Info.plist,
			);
			platformFiltersByRelativePath = {
				"/Localized: LaunchScreen.storyboard" = (ios, );
			};
			target = 4FE652002E17CFEB009A3DCF /* MiscellaneousWidgetKit_Private */;
		};
/* End PBXFileSystemSynchronizedBuildFileExceptionSet section */

/* Begin PBXFileSystemSynchronizedRootGroup section */
		4F9EEA202E1672AB00602285 /* MiscellaneousWidgetKit */ = {
			isa = PBXFileSystemSynchronizedRootGroup;
			exceptions = (
				4F9EEA352E1672AC00602285 /* Exceptions for "MiscellaneousWidgetKit" folder in "MiscellaneousWidgetKit" target */,
				4FE652112E17CFEB009A3DCF /* Exceptions for "MiscellaneousWidgetKit" folder in "MiscellaneousWidgetKit_Private" target */,
				4FE651C02E176F6B009A3DCF /* Exceptions for "MiscellaneousWidgetKit" folder in "MiscellaneousWidgetKit_Watch" target */,
			);
			path = MiscellaneousWidgetKit;
			sourceTree = "<group>";
		};
		4F9EEAB92E16941800602285 /* MiscellaneousWidgetKit_WidgetExtension */ = {
			isa = PBXFileSystemSynchronizedRootGroup;
			exceptions = (
				4F9EEACE2E16941800602285 /* Exceptions for "MiscellaneousWidgetKit_WidgetExtension" folder in "MiscellaneousWidgetKit_WidgetExtension" target */,
				4F60E8852E1803BA00C896BB /* Exceptions for "MiscellaneousWidgetKit_WidgetExtension" folder in "MiscellaneousWidgetKit_WidgetExtension_Private" target */,
			);
			path = MiscellaneousWidgetKit_WidgetExtension;
			sourceTree = "<group>";
		};
		4FE651A22E176E39009A3DCF /* MiscellaneousWidgetKit_Watch_WidgetExtension */ = {
			isa = PBXFileSystemSynchronizedRootGroup;
			exceptions = (
				4FE651B42E176E3A009A3DCF /* Exceptions for "MiscellaneousWidgetKit_Watch_WidgetExtension" folder in "MiscellaneousWidgetKit_Watch_WidgetExtension" target */,
			);
			path = MiscellaneousWidgetKit_Watch_WidgetExtension;
			sourceTree = "<group>";
		};
		4FF0E7C72E16E5580015B206 /* MiscellaneousWidgetKit_Watch */ = {
			isa = PBXFileSystemSynchronizedRootGroup;
			path = MiscellaneousWidgetKit_Watch;
			sourceTree = "<group>";
		};
/* End PBXFileSystemSynchronizedRootGroup section */

/* Begin PBXFrameworksBuildPhase section */
		4F60E87C2E1803BA00C896BB /* Frameworks */ = {
			isa = PBXFrameworksBuildPhase;
			buildActionMask = 2147483647;
			files = (
				4F28D1982E191F9C00DA3986 /* WidgetKitPrivate.xcframework in Frameworks */,
				4F60E87D2E1803BA00C896BB /* SwiftUI.framework in Frameworks */,
				4F60E87E2E1803BA00C896BB /* WidgetKit.framework in Frameworks */,
			);
			runOnlyForDeploymentPostprocessing = 0;
		};
		4F9EEA1B2E1672AB00602285 /* Frameworks */ = {
			isa = PBXFrameworksBuildPhase;
			buildActionMask = 2147483647;
			files = (
				4F27A4A82E192F03001B784A /* UniformTypeIdentifiers.framework in Frameworks */,
				4F27A4A02E192E79001B784A /* AVFoundation.framework in Frameworks */,
			);
			runOnlyForDeploymentPostprocessing = 0;
		};
		4F9EEAB02E16941700602285 /* Frameworks */ = {
			isa = PBXFrameworksBuildPhase;
			buildActionMask = 2147483647;
			files = (
				4F8992A42E194D6300D0C59F /* WidgetKitPrivate.xcframework in Frameworks */,
				4F9EEAB82E16941800602285 /* SwiftUI.framework in Frameworks */,
				4F9EEAB62E16941800602285 /* WidgetKit.framework in Frameworks */,
			);
			runOnlyForDeploymentPostprocessing = 0;
		};
		4FE6519C2E176E39009A3DCF /* Frameworks */ = {
			isa = PBXFrameworksBuildPhase;
			buildActionMask = 2147483647;
			files = (
				4F8992A12E19494900D0C59F /* WidgetKitPrivate.xcframework in Frameworks */,
				4FE651A12E176E39009A3DCF /* SwiftUI.framework in Frameworks */,
				4FE651A02E176E39009A3DCF /* WidgetKit.framework in Frameworks */,
			);
			runOnlyForDeploymentPostprocessing = 0;
		};
		4FE652062E17CFEB009A3DCF /* Frameworks */ = {
			isa = PBXFrameworksBuildPhase;
			buildActionMask = 2147483647;
			files = (
				4F27A4A92E192F07001B784A /* UniformTypeIdentifiers.framework in Frameworks */,
				4F27A49F2E192E75001B784A /* AVFoundation.framework in Frameworks */,
			);
			runOnlyForDeploymentPostprocessing = 0;
		};
		4FF0E7C32E16E5580015B206 /* Frameworks */ = {
			isa = PBXFrameworksBuildPhase;
			buildActionMask = 2147483647;
			files = (
			);
			runOnlyForDeploymentPostprocessing = 0;
		};
/* End PBXFrameworksBuildPhase section */

/* Begin PBXGroup section */
		4F9EEA152E1672AB00602285 = {
			isa = PBXGroup;
			children = (
				4F9EEA202E1672AB00602285 /* MiscellaneousWidgetKit */,
				4F9EEAB92E16941800602285 /* MiscellaneousWidgetKit_WidgetExtension */,
				4FF0E7C72E16E5580015B206 /* MiscellaneousWidgetKit_Watch */,
				4FE651A22E176E39009A3DCF /* MiscellaneousWidgetKit_Watch_WidgetExtension */,
				4F9EEAB42E16941700602285 /* Frameworks */,
				4F9EEA1F2E1672AB00602285 /* Products */,
			);
			sourceTree = "<group>";
		};
		4F9EEA1F2E1672AB00602285 /* Products */ = {
			isa = PBXGroup;
			children = (
				4F9EEA1E2E1672AB00602285 /* MiscellaneousWidgetKit.app */,
				4F9EEAB32E16941700602285 /* MiscellaneousWidgetKit_WidgetExtension.appex */,
				4FF0E7C62E16E5580015B206 /* MiscellaneousWidgetKit_Watch.app */,
				4FE6519F2E176E39009A3DCF /* MiscellaneousWidgetKit_Watch_WidgetExtension.appex */,
				4FE6520F2E17CFEB009A3DCF /* MiscellaneousWidgetKit_Private.app */,
				4F60E8832E1803BA00C896BB /* MiscellaneousWidgetKit_WidgetExtension_Private.appex */,
			);
			name = Products;
			sourceTree = "<group>";
		};
		4F9EEAB42E16941700602285 /* Frameworks */ = {
			isa = PBXGroup;
			children = (
				4F27A4A72E192F03001B784A /* UniformTypeIdentifiers.framework */,
				4F27A49E2E192E75001B784A /* AVFoundation.framework */,
				4F28D1972E191F9C00DA3986 /* WidgetKitPrivate.xcframework */,
				4F9EEAB52E16941700602285 /* WidgetKit.framework */,
				4F9EEAB72E16941800602285 /* SwiftUI.framework */,
			);
			name = Frameworks;
			sourceTree = "<group>";
		};
/* End PBXGroup section */

/* Begin PBXNativeTarget section */
		4F60E87A2E1803BA00C896BB /* MiscellaneousWidgetKit_WidgetExtension_Private */ = {
			isa = PBXNativeTarget;
			buildConfigurationList = 4F60E8802E1803BA00C896BB /* Build configuration list for PBXNativeTarget "MiscellaneousWidgetKit_WidgetExtension_Private" */;
			buildPhases = (
				4F60E87B2E1803BA00C896BB /* Sources */,
				4F60E87C2E1803BA00C896BB /* Frameworks */,
				4F60E87F2E1803BA00C896BB /* Resources */,
			);
			buildRules = (
			);
			dependencies = (
			);
			fileSystemSynchronizedGroups = (
				4F9EEAB92E16941800602285 /* MiscellaneousWidgetKit_WidgetExtension */,
			);
			name = MiscellaneousWidgetKit_WidgetExtension_Private;
			packageProductDependencies = (
			);
			productName = MiscellaneousWidgetKit_WidgetExtensionExtension;
			productReference = 4F60E8832E1803BA00C896BB /* MiscellaneousWidgetKit_WidgetExtension_Private.appex */;
			productType = "com.apple.product-type.app-extension";
		};
		4F9EEA1D2E1672AB00602285 /* MiscellaneousWidgetKit */ = {
			isa = PBXNativeTarget;
			buildConfigurationList = 4F9EEA362E1672AC00602285 /* Build configuration list for PBXNativeTarget "MiscellaneousWidgetKit" */;
			buildPhases = (
				4F9EEA1A2E1672AB00602285 /* Sources */,
				4F9EEA1B2E1672AB00602285 /* Frameworks */,
				4F9EEA1C2E1672AB00602285 /* Resources */,
				4FF0E7C12E16E51C0015B206 /* Embed Watch Content */,
				4F9EEAC92E16941800602285 /* Embed Foundation Extensions */,
			);
			buildRules = (
			);
			dependencies = (
				4F9EEAC82E16941800602285 /* PBXTargetDependency */,
				4FF0E7CF2E16E5580015B206 /* PBXTargetDependency */,
			);
			fileSystemSynchronizedGroups = (
				4F9EEA202E1672AB00602285 /* MiscellaneousWidgetKit */,
			);
			name = MiscellaneousWidgetKit;
			packageProductDependencies = (
			);
			productName = MiscellaneousWidgetKit;
			productReference = 4F9EEA1E2E1672AB00602285 /* MiscellaneousWidgetKit.app */;
			productType = "com.apple.product-type.application";
		};
		4F9EEAB22E16941700602285 /* MiscellaneousWidgetKit_WidgetExtension */ = {
			isa = PBXNativeTarget;
			buildConfigurationList = 4F9EEACB2E16941800602285 /* Build configuration list for PBXNativeTarget "MiscellaneousWidgetKit_WidgetExtension" */;
			buildPhases = (
				4F9EEAAF2E16941700602285 /* Sources */,
				4F9EEAB02E16941700602285 /* Frameworks */,
				4F9EEAB12E16941700602285 /* Resources */,
			);
			buildRules = (
			);
			dependencies = (
			);
			fileSystemSynchronizedGroups = (
				4F9EEAB92E16941800602285 /* MiscellaneousWidgetKit_WidgetExtension */,
			);
			name = MiscellaneousWidgetKit_WidgetExtension;
			packageProductDependencies = (
			);
			productName = MiscellaneousWidgetKit_WidgetExtensionExtension;
			productReference = 4F9EEAB32E16941700602285 /* MiscellaneousWidgetKit_WidgetExtension.appex */;
			productType = "com.apple.product-type.app-extension";
		};
		4FE6519E2E176E39009A3DCF /* MiscellaneousWidgetKit_Watch_WidgetExtension */ = {
			isa = PBXNativeTarget;
			buildConfigurationList = 4FE651B12E176E3A009A3DCF /* Build configuration list for PBXNativeTarget "MiscellaneousWidgetKit_Watch_WidgetExtension" */;
			buildPhases = (
				4FE6519B2E176E39009A3DCF /* Sources */,
				4FE6519C2E176E39009A3DCF /* Frameworks */,
				4FE6519D2E176E39009A3DCF /* Resources */,
			);
			buildRules = (
			);
			dependencies = (
			);
			fileSystemSynchronizedGroups = (
				4FE651A22E176E39009A3DCF /* MiscellaneousWidgetKit_Watch_WidgetExtension */,
			);
			name = MiscellaneousWidgetKit_Watch_WidgetExtension;
			packageProductDependencies = (
			);
			productName = MiscellaneousWidgetKit_Watch_WidgetExtensionExtension;
			productReference = 4FE6519F2E176E39009A3DCF /* MiscellaneousWidgetKit_Watch_WidgetExtension.appex */;
			productType = "com.apple.product-type.app-extension";
		};
		4FE652002E17CFEB009A3DCF /* MiscellaneousWidgetKit_Private */ = {
			isa = PBXNativeTarget;
			buildConfigurationList = 4FE6520C2E17CFEB009A3DCF /* Build configuration list for PBXNativeTarget "MiscellaneousWidgetKit_Private" */;
			buildPhases = (
				4FE652052E17CFEB009A3DCF /* Sources */,
				4FE652062E17CFEB009A3DCF /* Frameworks */,
				4FE652072E17CFEB009A3DCF /* Resources */,
				4FE6520A2E17CFEB009A3DCF /* Embed Watch Content */,
				4F60E8892E18042900C896BB /* Embed Foundation Extensions */,
			);
			buildRules = (
			);
			dependencies = (
				4FE652032E17CFEB009A3DCF /* PBXTargetDependency */,
				4F60E8882E18042900C896BB /* PBXTargetDependency */,
			);
			fileSystemSynchronizedGroups = (
				4F9EEA202E1672AB00602285 /* MiscellaneousWidgetKit */,
			);
			name = MiscellaneousWidgetKit_Private;
			packageProductDependencies = (
			);
			productName = MiscellaneousWidgetKit;
			productReference = 4FE6520F2E17CFEB009A3DCF /* MiscellaneousWidgetKit_Private.app */;
			productType = "com.apple.product-type.application";
		};
		4FF0E7C52E16E5580015B206 /* MiscellaneousWidgetKit_Watch */ = {
			isa = PBXNativeTarget;
			buildConfigurationList = 4FF0E7D12E16E5580015B206 /* Build configuration list for PBXNativeTarget "MiscellaneousWidgetKit_Watch" */;
			buildPhases = (
				4FF0E7C22E16E5580015B206 /* Sources */,
				4FF0E7C32E16E5580015B206 /* Frameworks */,
				4FF0E7C42E16E5580015B206 /* Resources */,
				4FF0E7D72E16E5D00015B206 /* Embed Foundation Extensions */,
			);
			buildRules = (
			);
			dependencies = (
				4FE651AF2E176E3A009A3DCF /* PBXTargetDependency */,
			);
			fileSystemSynchronizedGroups = (
				4FF0E7C72E16E5580015B206 /* MiscellaneousWidgetKit_Watch */,
			);
			name = MiscellaneousWidgetKit_Watch;
			packageProductDependencies = (
			);
			productName = "MiscellaneousWidgetKit Watch Watch App";
			productReference = 4FF0E7C62E16E5580015B206 /* MiscellaneousWidgetKit_Watch.app */;
			productType = "com.apple.product-type.application";
		};
/* End PBXNativeTarget section */

/* Begin PBXProject section */
		4F9EEA162E1672AB00602285 /* Project object */ = {
			isa = PBXProject;
			attributes = {
				BuildIndependentTargetsInParallel = 1;
				LastSwiftUpdateCheck = 2600;
				LastUpgradeCheck = 2600;
				TargetAttributes = {
					4F9EEA1D2E1672AB00602285 = {
						CreatedOnToolsVersion = 26.0;
						LastSwiftMigration = 2600;
					};
					4F9EEAB22E16941700602285 = {
						CreatedOnToolsVersion = 26.0;
						LastSwiftMigration = 2600;
					};
					4FE6519E2E176E39009A3DCF = {
						CreatedOnToolsVersion = 26.0;
					};
					4FF0E7C52E16E5580015B206 = {
						CreatedOnToolsVersion = 26.0;
						LastSwiftMigration = 2600;
					};
				};
			};
			buildConfigurationList = 4F9EEA192E1672AB00602285 /* Build configuration list for PBXProject "MiscellaneousWidgetKit" */;
			developmentRegion = en;
			hasScannedForEncodings = 0;
			knownRegions = (
				en,
				Base,
			);
			mainGroup = 4F9EEA152E1672AB00602285;
			minimizedProjectReferenceProxies = 1;
			preferredProjectObjectVersion = 77;
			productRefGroup = 4F9EEA1F2E1672AB00602285 /* Products */;
			projectDirPath = "";
			projectRoot = "";
			targets = (
				4F9EEA1D2E1672AB00602285 /* MiscellaneousWidgetKit */,
				4FE652002E17CFEB009A3DCF /* MiscellaneousWidgetKit_Private */,
				4F9EEAB22E16941700602285 /* MiscellaneousWidgetKit_WidgetExtension */,
				4F60E87A2E1803BA00C896BB /* MiscellaneousWidgetKit_WidgetExtension_Private */,
				4FF0E7C52E16E5580015B206 /* MiscellaneousWidgetKit_Watch */,
				4FE6519E2E176E39009A3DCF /* MiscellaneousWidgetKit_Watch_WidgetExtension */,
			);
		};
/* End PBXProject section */

/* Begin PBXResourcesBuildPhase section */
		4F60E87F2E1803BA00C896BB /* Resources */ = {
			isa = PBXResourcesBuildPhase;
			buildActionMask = 2147483647;
			files = (
			);
			runOnlyForDeploymentPostprocessing = 0;
		};
		4F9EEA1C2E1672AB00602285 /* Resources */ = {
			isa = PBXResourcesBuildPhase;
			buildActionMask = 2147483647;
			files = (
			);
			runOnlyForDeploymentPostprocessing = 0;
		};
		4F9EEAB12E16941700602285 /* Resources */ = {
			isa = PBXResourcesBuildPhase;
			buildActionMask = 2147483647;
			files = (
			);
			runOnlyForDeploymentPostprocessing = 0;
		};
		4FE6519D2E176E39009A3DCF /* Resources */ = {
			isa = PBXResourcesBuildPhase;
			buildActionMask = 2147483647;
			files = (
			);
			runOnlyForDeploymentPostprocessing = 0;
		};
		4FE652072E17CFEB009A3DCF /* Resources */ = {
			isa = PBXResourcesBuildPhase;
			buildActionMask = 2147483647;
			files = (
			);
			runOnlyForDeploymentPostprocessing = 0;
		};
		4FF0E7C42E16E5580015B206 /* Resources */ = {
			isa = PBXResourcesBuildPhase;
			buildActionMask = 2147483647;
			files = (
			);
			runOnlyForDeploymentPostprocessing = 0;
		};
/* End PBXResourcesBuildPhase section */

/* Begin PBXSourcesBuildPhase section */
		4F60E87B2E1803BA00C896BB /* Sources */ = {
			isa = PBXSourcesBuildPhase;
			buildActionMask = 2147483647;
			files = (
			);
			runOnlyForDeploymentPostprocessing = 0;
		};
		4F9EEA1A2E1672AB00602285 /* Sources */ = {
			isa = PBXSourcesBuildPhase;
			buildActionMask = 2147483647;
			files = (
			);
			runOnlyForDeploymentPostprocessing = 0;
		};
		4F9EEAAF2E16941700602285 /* Sources */ = {
			isa = PBXSourcesBuildPhase;
			buildActionMask = 2147483647;
			files = (
			);
			runOnlyForDeploymentPostprocessing = 0;
		};
		4FE6519B2E176E39009A3DCF /* Sources */ = {
			isa = PBXSourcesBuildPhase;
			buildActionMask = 2147483647;
			files = (
			);
			runOnlyForDeploymentPostprocessing = 0;
		};
		4FE652052E17CFEB009A3DCF /* Sources */ = {
			isa = PBXSourcesBuildPhase;
			buildActionMask = 2147483647;
			files = (
			);
			runOnlyForDeploymentPostprocessing = 0;
		};
		4FF0E7C22E16E5580015B206 /* Sources */ = {
			isa = PBXSourcesBuildPhase;
			buildActionMask = 2147483647;
			files = (
			);
			runOnlyForDeploymentPostprocessing = 0;
		};
/* End PBXSourcesBuildPhase section */

/* Begin PBXTargetDependency section */
		4F60E8882E18042900C896BB /* PBXTargetDependency */ = {
			isa = PBXTargetDependency;
			target = 4F60E87A2E1803BA00C896BB /* MiscellaneousWidgetKit_WidgetExtension_Private */;
			targetProxy = 4F60E8872E18042900C896BB /* PBXContainerItemProxy */;
		};
		4F9EEAC82E16941800602285 /* PBXTargetDependency */ = {
			isa = PBXTargetDependency;
			target = 4F9EEAB22E16941700602285 /* MiscellaneousWidgetKit_WidgetExtension */;
			targetProxy = 4F9EEAC72E16941800602285 /* PBXContainerItemProxy */;
		};
		4FE651AF2E176E3A009A3DCF /* PBXTargetDependency */ = {
			isa = PBXTargetDependency;
			target = 4FE6519E2E176E39009A3DCF /* MiscellaneousWidgetKit_Watch_WidgetExtension */;
			targetProxy = 4FE651AE2E176E3A009A3DCF /* PBXContainerItemProxy */;
		};
		4FE652032E17CFEB009A3DCF /* PBXTargetDependency */ = {
			isa = PBXTargetDependency;
			platformFilter = ios;
			target = 4FF0E7C52E16E5580015B206 /* MiscellaneousWidgetKit_Watch */;
			targetProxy = 4FE652042E17CFEB009A3DCF /* PBXContainerItemProxy */;
		};
		4FF0E7CF2E16E5580015B206 /* PBXTargetDependency */ = {
			isa = PBXTargetDependency;
			platformFilter = ios;
			target = 4FF0E7C52E16E5580015B206 /* MiscellaneousWidgetKit_Watch */;
			targetProxy = 4FF0E7CE2E16E5580015B206 /* PBXContainerItemProxy */;
		};
/* End PBXTargetDependency section */

/* Begin XCBuildConfiguration section */
		4F60E8812E1803BA00C896BB /* Debug */ = {
			isa = XCBuildConfiguration;
			buildSettings = {
				ASSETCATALOG_COMPILER_GLOBAL_ACCENT_COLOR_NAME = AccentColor;
				ASSETCATALOG_COMPILER_WIDGET_BACKGROUND_COLOR_NAME = WidgetBackground;
				CLANG_ENABLE_MODULES = YES;
				CODE_SIGN_ENTITLEMENTS = MiscellaneousWidgetKit_WidgetExtension/MiscellaneousWidgetKit_WidgetExtension_Private.entitlements;
				CODE_SIGN_STYLE = Automatic;
				CURRENT_PROJECT_VERSION = 1;
				DEVELOPMENT_TEAM = P53D29U9LJ;
				GENERATE_INFOPLIST_FILE = YES;
				INFOPLIST_FILE = MiscellaneousWidgetKit_WidgetExtension/Info.plist;
				INFOPLIST_KEY_CFBundleDisplayName = MiscellaneousWidgetKit_WidgetExtension;
				INFOPLIST_KEY_NSHumanReadableCopyright = "";
				LD_RUNPATH_SEARCH_PATHS = (
					"$(inherited)",
					"@executable_path/Frameworks",
					"@executable_path/../../Frameworks",
				);
				MARKETING_VERSION = 1.0;
				PRODUCT_BUNDLE_IDENTIFIER = com.pookjw.MiscellaneousWidgetKit.Private.WidgetExtension;
				PRODUCT_NAME = "$(TARGET_NAME)";
				SKIP_INSTALL = YES;
				STRING_CATALOG_GENERATE_SYMBOLS = YES;
				SUPPORTED_PLATFORMS = "iphoneos iphonesimulator xros xrsimulator";
				SUPPORTS_MACCATALYST = NO;
				SWIFT_ACTIVE_COMPILATION_CONDITIONS = "DEBUG $(inherited)";
				SWIFT_EMIT_LOC_STRINGS = YES;
				SWIFT_OBJC_BRIDGING_HEADER = "MiscellaneousWidgetKit_WidgetExtension/MiscellaneousWidgetKit_WidgetExtension-Bridging-Header.h";
				SWIFT_OPTIMIZATION_LEVEL = "-Onone";
				SWIFT_UPCOMING_FEATURE_MEMBER_IMPORT_VISIBILITY = YES;
				SWIFT_VERSION = 6.0;
				TARGETED_DEVICE_FAMILY = "1,2,7";
			};
			name = Debug;
		};
		4F60E8822E1803BA00C896BB /* Release */ = {
			isa = XCBuildConfiguration;
			buildSettings = {
				ASSETCATALOG_COMPILER_GLOBAL_ACCENT_COLOR_NAME = AccentColor;
				ASSETCATALOG_COMPILER_WIDGET_BACKGROUND_COLOR_NAME = WidgetBackground;
				CLANG_ENABLE_MODULES = YES;
				CODE_SIGN_ENTITLEMENTS = MiscellaneousWidgetKit_WidgetExtension/MiscellaneousWidgetKit_WidgetExtension_Private.entitlements;
				CODE_SIGN_STYLE = Automatic;
				CURRENT_PROJECT_VERSION = 1;
				DEVELOPMENT_TEAM = P53D29U9LJ;
				GENERATE_INFOPLIST_FILE = YES;
				INFOPLIST_FILE = MiscellaneousWidgetKit_WidgetExtension/Info.plist;
				INFOPLIST_KEY_CFBundleDisplayName = MiscellaneousWidgetKit_WidgetExtension;
				INFOPLIST_KEY_NSHumanReadableCopyright = "";
				LD_RUNPATH_SEARCH_PATHS = (
					"$(inherited)",
					"@executable_path/Frameworks",
					"@executable_path/../../Frameworks",
				);
				MARKETING_VERSION = 1.0;
				PRODUCT_BUNDLE_IDENTIFIER = com.pookjw.MiscellaneousWidgetKit.Private.WidgetExtension;
				PRODUCT_NAME = "$(TARGET_NAME)";
				SKIP_INSTALL = YES;
				STRING_CATALOG_GENERATE_SYMBOLS = YES;
				SUPPORTED_PLATFORMS = "iphoneos iphonesimulator xros xrsimulator";
				SUPPORTS_MACCATALYST = NO;
				SWIFT_COMPILATION_MODE = wholemodule;
				SWIFT_EMIT_LOC_STRINGS = YES;
				SWIFT_OBJC_BRIDGING_HEADER = "MiscellaneousWidgetKit_WidgetExtension/MiscellaneousWidgetKit_WidgetExtension-Bridging-Header.h";
				SWIFT_UPCOMING_FEATURE_MEMBER_IMPORT_VISIBILITY = YES;
				SWIFT_VERSION = 6.0;
				TARGETED_DEVICE_FAMILY = "1,2,7";
			};
			name = Release;
		};
		4F9EEA372E1672AC00602285 /* Debug */ = {
			isa = XCBuildConfiguration;
			buildSettings = {
				ASSETCATALOG_COMPILER_APPICON_NAME = AppIcon;
				ASSETCATALOG_COMPILER_GLOBAL_ACCENT_COLOR_NAME = AccentColor;
				CLANG_ENABLE_MODULES = YES;
				CODE_SIGN_STYLE = Automatic;
				CURRENT_PROJECT_VERSION = 1;
				DEVELOPMENT_TEAM = P53D29U9LJ;
				GENERATE_INFOPLIST_FILE = YES;
				INFOPLIST_FILE = MiscellaneousWidgetKit/Info.plist;
				INFOPLIST_KEY_UIApplicationSupportsIndirectInputEvents = YES;
				INFOPLIST_KEY_UILaunchStoryboardName = LaunchScreen;
				INFOPLIST_KEY_UISupportedInterfaceOrientations_iPad = "UIInterfaceOrientationPortrait UIInterfaceOrientationPortraitUpsideDown UIInterfaceOrientationLandscapeLeft UIInterfaceOrientationLandscapeRight";
				INFOPLIST_KEY_UISupportedInterfaceOrientations_iPhone = "UIInterfaceOrientationPortrait UIInterfaceOrientationLandscapeLeft UIInterfaceOrientationLandscapeRight";
				LD_RUNPATH_SEARCH_PATHS = (
					"$(inherited)",
					"@executable_path/Frameworks",
				);
				MARKETING_VERSION = 1.0;
				PRODUCT_BUNDLE_IDENTIFIER = com.pookjw.MiscellaneousWidgetKit;
				PRODUCT_NAME = "$(TARGET_NAME)";
				STRING_CATALOG_GENERATE_SYMBOLS = YES;
				SUPPORTED_PLATFORMS = "iphoneos iphonesimulator xros xrsimulator";
				SUPPORTS_MACCATALYST = NO;
				SWIFT_EMIT_LOC_STRINGS = YES;
				SWIFT_OBJC_BRIDGING_HEADER = "MiscellaneousWidgetKit/MiscellaneousWidgetKit-Bridging-Header.h";
				SWIFT_OPTIMIZATION_LEVEL = "-Onone";
				SWIFT_VERSION = 6.0;
				TARGETED_DEVICE_FAMILY = "1,2,7";
			};
			name = Debug;
		};
		4F9EEA382E1672AC00602285 /* Release */ = {
			isa = XCBuildConfiguration;
			buildSettings = {
				ASSETCATALOG_COMPILER_APPICON_NAME = AppIcon;
				ASSETCATALOG_COMPILER_GLOBAL_ACCENT_COLOR_NAME = AccentColor;
				CLANG_ENABLE_MODULES = YES;
				CODE_SIGN_STYLE = Automatic;
				CURRENT_PROJECT_VERSION = 1;
				DEVELOPMENT_TEAM = P53D29U9LJ;
				GENERATE_INFOPLIST_FILE = YES;
				INFOPLIST_FILE = MiscellaneousWidgetKit/Info.plist;
				INFOPLIST_KEY_UIApplicationSupportsIndirectInputEvents = YES;
				INFOPLIST_KEY_UILaunchStoryboardName = LaunchScreen;
				INFOPLIST_KEY_UISupportedInterfaceOrientations_iPad = "UIInterfaceOrientationPortrait UIInterfaceOrientationPortraitUpsideDown UIInterfaceOrientationLandscapeLeft UIInterfaceOrientationLandscapeRight";
				INFOPLIST_KEY_UISupportedInterfaceOrientations_iPhone = "UIInterfaceOrientationPortrait UIInterfaceOrientationLandscapeLeft UIInterfaceOrientationLandscapeRight";
				LD_RUNPATH_SEARCH_PATHS = (
					"$(inherited)",
					"@executable_path/Frameworks",
				);
				MARKETING_VERSION = 1.0;
				PRODUCT_BUNDLE_IDENTIFIER = com.pookjw.MiscellaneousWidgetKit;
				PRODUCT_NAME = "$(TARGET_NAME)";
				STRING_CATALOG_GENERATE_SYMBOLS = YES;
				SUPPORTED_PLATFORMS = "iphoneos iphonesimulator xros xrsimulator";
				SUPPORTS_MACCATALYST = NO;
				SWIFT_EMIT_LOC_STRINGS = YES;
				SWIFT_OBJC_BRIDGING_HEADER = "MiscellaneousWidgetKit/MiscellaneousWidgetKit-Bridging-Header.h";
				SWIFT_VERSION = 6.0;
				TARGETED_DEVICE_FAMILY = "1,2,7";
			};
			name = Release;
		};
		4F9EEA392E1672AC00602285 /* Debug */ = {
			isa = XCBuildConfiguration;
			buildSettings = {
				ALWAYS_SEARCH_USER_PATHS = NO;
				ASSETCATALOG_COMPILER_GENERATE_SWIFT_ASSET_SYMBOL_EXTENSIONS = YES;
				CLANG_ANALYZER_NONNULL = YES;
				CLANG_ANALYZER_NUMBER_OBJECT_CONVERSION = YES_AGGRESSIVE;
				CLANG_CXX_LANGUAGE_STANDARD = "gnu++20";
				CLANG_ENABLE_MODULES = YES;
				CLANG_ENABLE_OBJC_ARC = NO;
				CLANG_ENABLE_OBJC_WEAK = YES;
				CLANG_WARN_BLOCK_CAPTURE_AUTORELEASING = YES;
				CLANG_WARN_BOOL_CONVERSION = YES;
				CLANG_WARN_COMMA = YES;
				CLANG_WARN_CONSTANT_CONVERSION = YES;
				CLANG_WARN_DEPRECATED_OBJC_IMPLEMENTATIONS = YES;
				CLANG_WARN_DIRECT_OBJC_ISA_USAGE = YES_ERROR;
				CLANG_WARN_DOCUMENTATION_COMMENTS = YES;
				CLANG_WARN_EMPTY_BODY = YES;
				CLANG_WARN_ENUM_CONVERSION = YES;
				CLANG_WARN_INFINITE_RECURSION = YES;
				CLANG_WARN_INT_CONVERSION = YES;
				CLANG_WARN_NON_LITERAL_NULL_CONVERSION = YES;
				CLANG_WARN_OBJC_IMPLICIT_RETAIN_SELF = YES;
				CLANG_WARN_OBJC_LITERAL_CONVERSION = YES;
				CLANG_WARN_OBJC_ROOT_CLASS = YES_ERROR;
				CLANG_WARN_QUOTED_INCLUDE_IN_FRAMEWORK_HEADER = YES;
				CLANG_WARN_RANGE_LOOP_ANALYSIS = YES;
				CLANG_WARN_STRICT_PROTOTYPES = YES;
				CLANG_WARN_SUSPICIOUS_MOVE = YES;
				CLANG_WARN_UNGUARDED_AVAILABILITY = YES_AGGRESSIVE;
				CLANG_WARN_UNREACHABLE_CODE = YES;
				CLANG_WARN__DUPLICATE_METHOD_MATCH = YES;
				COPY_PHASE_STRIP = NO;
				DEBUG_INFORMATION_FORMAT = dwarf;
				DEVELOPMENT_TEAM = P53D29U9LJ;
				ENABLE_STRICT_OBJC_MSGSEND = YES;
				ENABLE_TESTABILITY = YES;
				ENABLE_USER_SCRIPT_SANDBOXING = YES;
				GCC_C_LANGUAGE_STANDARD = gnu17;
				GCC_DYNAMIC_NO_PIC = NO;
				GCC_NO_COMMON_BLOCKS = YES;
				GCC_OPTIMIZATION_LEVEL = 0;
				GCC_PREPROCESSOR_DEFINITIONS = (
					"DEBUG=1",
					"$(inherited)",
				);
				GCC_WARN_64_TO_32_BIT_CONVERSION = YES;
				GCC_WARN_ABOUT_RETURN_TYPE = YES_ERROR;
				GCC_WARN_UNDECLARED_SELECTOR = YES;
				GCC_WARN_UNINITIALIZED_AUTOS = YES_AGGRESSIVE;
				GCC_WARN_UNUSED_FUNCTION = YES;
				GCC_WARN_UNUSED_VARIABLE = YES;
				IPHONEOS_DEPLOYMENT_TARGET = 26.0;
				LOCALIZATION_PREFERS_STRING_CATALOGS = YES;
				MTL_ENABLE_DEBUG_INFO = INCLUDE_SOURCE;
				MTL_FAST_MATH = YES;
				ONLY_ACTIVE_ARCH = YES;
				SDKROOT = iphoneos;
			};
			name = Debug;
		};
		4F9EEA3A2E1672AC00602285 /* Release */ = {
			isa = XCBuildConfiguration;
			buildSettings = {
				ALWAYS_SEARCH_USER_PATHS = NO;
				ASSETCATALOG_COMPILER_GENERATE_SWIFT_ASSET_SYMBOL_EXTENSIONS = YES;
				CLANG_ANALYZER_NONNULL = YES;
				CLANG_ANALYZER_NUMBER_OBJECT_CONVERSION = YES_AGGRESSIVE;
				CLANG_CXX_LANGUAGE_STANDARD = "gnu++20";
				CLANG_ENABLE_MODULES = YES;
				CLANG_ENABLE_OBJC_ARC = NO;
				CLANG_ENABLE_OBJC_WEAK = YES;
				CLANG_WARN_BLOCK_CAPTURE_AUTORELEASING = YES;
				CLANG_WARN_BOOL_CONVERSION = YES;
				CLANG_WARN_COMMA = YES;
				CLANG_WARN_CONSTANT_CONVERSION = YES;
				CLANG_WARN_DEPRECATED_OBJC_IMPLEMENTATIONS = YES;
				CLANG_WARN_DIRECT_OBJC_ISA_USAGE = YES_ERROR;
				CLANG_WARN_DOCUMENTATION_COMMENTS = YES;
				CLANG_WARN_EMPTY_BODY = YES;
				CLANG_WARN_ENUM_CONVERSION = YES;
				CLANG_WARN_INFINITE_RECURSION = YES;
				CLANG_WARN_INT_CONVERSION = YES;
				CLANG_WARN_NON_LITERAL_NULL_CONVERSION = YES;
				CLANG_WARN_OBJC_IMPLICIT_RETAIN_SELF = YES;
				CLANG_WARN_OBJC_LITERAL_CONVERSION = YES;
				CLANG_WARN_OBJC_ROOT_CLASS = YES_ERROR;
				CLANG_WARN_QUOTED_INCLUDE_IN_FRAMEWORK_HEADER = YES;
				CLANG_WARN_RANGE_LOOP_ANALYSIS = YES;
				CLANG_WARN_STRICT_PROTOTYPES = YES;
				CLANG_WARN_SUSPICIOUS_MOVE = YES;
				CLANG_WARN_UNGUARDED_AVAILABILITY = YES_AGGRESSIVE;
				CLANG_WARN_UNREACHABLE_CODE = YES;
				CLANG_WARN__DUPLICATE_METHOD_MATCH = YES;
				COPY_PHASE_STRIP = NO;
				DEBUG_INFORMATION_FORMAT = "dwarf-with-dsym";
				DEVELOPMENT_TEAM = P53D29U9LJ;
				ENABLE_NS_ASSERTIONS = NO;
				ENABLE_STRICT_OBJC_MSGSEND = YES;
				ENABLE_USER_SCRIPT_SANDBOXING = YES;
				GCC_C_LANGUAGE_STANDARD = gnu17;
				GCC_NO_COMMON_BLOCKS = YES;
				GCC_WARN_64_TO_32_BIT_CONVERSION = YES;
				GCC_WARN_ABOUT_RETURN_TYPE = YES_ERROR;
				GCC_WARN_UNDECLARED_SELECTOR = YES;
				GCC_WARN_UNINITIALIZED_AUTOS = YES_AGGRESSIVE;
				GCC_WARN_UNUSED_FUNCTION = YES;
				GCC_WARN_UNUSED_VARIABLE = YES;
				IPHONEOS_DEPLOYMENT_TARGET = 26.0;
				LOCALIZATION_PREFERS_STRING_CATALOGS = YES;
				MTL_ENABLE_DEBUG_INFO = NO;
				MTL_FAST_MATH = YES;
				SDKROOT = iphoneos;
				VALIDATE_PRODUCT = YES;
			};
			name = Release;
		};
		4F9EEACC2E16941800602285 /* Debug */ = {
			isa = XCBuildConfiguration;
			buildSettings = {
				ASSETCATALOG_COMPILER_GLOBAL_ACCENT_COLOR_NAME = AccentColor;
				ASSETCATALOG_COMPILER_WIDGET_BACKGROUND_COLOR_NAME = WidgetBackground;
				CLANG_ENABLE_MODULES = YES;
				CODE_SIGN_STYLE = Automatic;
				CURRENT_PROJECT_VERSION = 1;
				DEVELOPMENT_TEAM = P53D29U9LJ;
				GENERATE_INFOPLIST_FILE = YES;
				INFOPLIST_FILE = MiscellaneousWidgetKit_WidgetExtension/Info.plist;
				INFOPLIST_KEY_CFBundleDisplayName = MiscellaneousWidgetKit_WidgetExtension;
				INFOPLIST_KEY_NSHumanReadableCopyright = "";
				LD_RUNPATH_SEARCH_PATHS = (
					"$(inherited)",
					"@executable_path/Frameworks",
					"@executable_path/../../Frameworks",
				);
				MARKETING_VERSION = 1.0;
				PRODUCT_BUNDLE_IDENTIFIER = com.pookjw.MiscellaneousWidgetKit.WidgetExtension;
				PRODUCT_NAME = "$(TARGET_NAME)";
				SKIP_INSTALL = YES;
				STRING_CATALOG_GENERATE_SYMBOLS = YES;
				SUPPORTED_PLATFORMS = "iphoneos iphonesimulator xros xrsimulator";
				SUPPORTS_MACCATALYST = NO;
				SWIFT_ACTIVE_COMPILATION_CONDITIONS = "DEBUG $(inherited)";
				SWIFT_EMIT_LOC_STRINGS = YES;
				SWIFT_OBJC_BRIDGING_HEADER = "MiscellaneousWidgetKit_WidgetExtension/MiscellaneousWidgetKit_WidgetExtension-Bridging-Header.h";
				SWIFT_OPTIMIZATION_LEVEL = "-Onone";
				SWIFT_UPCOMING_FEATURE_MEMBER_IMPORT_VISIBILITY = YES;
				SWIFT_VERSION = 6.0;
				TARGETED_DEVICE_FAMILY = "1,2,7";
			};
			name = Debug;
		};
		4F9EEACD2E16941800602285 /* Release */ = {
			isa = XCBuildConfiguration;
			buildSettings = {
				ASSETCATALOG_COMPILER_GLOBAL_ACCENT_COLOR_NAME = AccentColor;
				ASSETCATALOG_COMPILER_WIDGET_BACKGROUND_COLOR_NAME = WidgetBackground;
				CLANG_ENABLE_MODULES = YES;
				CODE_SIGN_STYLE = Automatic;
				CURRENT_PROJECT_VERSION = 1;
				DEVELOPMENT_TEAM = P53D29U9LJ;
				GENERATE_INFOPLIST_FILE = YES;
				INFOPLIST_FILE = MiscellaneousWidgetKit_WidgetExtension/Info.plist;
				INFOPLIST_KEY_CFBundleDisplayName = MiscellaneousWidgetKit_WidgetExtension;
				INFOPLIST_KEY_NSHumanReadableCopyright = "";
				LD_RUNPATH_SEARCH_PATHS = (
					"$(inherited)",
					"@executable_path/Frameworks",
					"@executable_path/../../Frameworks",
				);
				MARKETING_VERSION = 1.0;
				PRODUCT_BUNDLE_IDENTIFIER = com.pookjw.MiscellaneousWidgetKit.WidgetExtension;
				PRODUCT_NAME = "$(TARGET_NAME)";
				SKIP_INSTALL = YES;
				STRING_CATALOG_GENERATE_SYMBOLS = YES;
				SUPPORTED_PLATFORMS = "iphoneos iphonesimulator xros xrsimulator";
				SUPPORTS_MACCATALYST = NO;
				SWIFT_COMPILATION_MODE = wholemodule;
				SWIFT_EMIT_LOC_STRINGS = YES;
				SWIFT_OBJC_BRIDGING_HEADER = "MiscellaneousWidgetKit_WidgetExtension/MiscellaneousWidgetKit_WidgetExtension-Bridging-Header.h";
				SWIFT_UPCOMING_FEATURE_MEMBER_IMPORT_VISIBILITY = YES;
				SWIFT_VERSION = 6.0;
				TARGETED_DEVICE_FAMILY = "1,2,7";
			};
			name = Release;
		};
		4FE651B22E176E3A009A3DCF /* Debug */ = {
			isa = XCBuildConfiguration;
			buildSettings = {
				ASSETCATALOG_COMPILER_GLOBAL_ACCENT_COLOR_NAME = AccentColor;
				ASSETCATALOG_COMPILER_WIDGET_BACKGROUND_COLOR_NAME = WidgetBackground;
				CODE_SIGN_STYLE = Automatic;
				CURRENT_PROJECT_VERSION = 1;
				DEVELOPMENT_TEAM = P53D29U9LJ;
				GENERATE_INFOPLIST_FILE = YES;
				INFOPLIST_FILE = MiscellaneousWidgetKit_Watch_WidgetExtension/Info.plist;
				INFOPLIST_KEY_CFBundleDisplayName = MiscellaneousWidgetKit_Watch_WidgetExtension;
				INFOPLIST_KEY_NSHumanReadableCopyright = "";
				LD_RUNPATH_SEARCH_PATHS = (
					"$(inherited)",
					"@executable_path/Frameworks",
					"@executable_path/../../Frameworks",
					"@executable_path/../../../../Frameworks",
				);
				MARKETING_VERSION = 1.0;
				PRODUCT_BUNDLE_IDENTIFIER = com.pookjw.MiscellaneousWidgetKit.watchkitapp.WidgetExtension;
				PRODUCT_NAME = "$(TARGET_NAME)";
				SDKROOT = watchos;
				SKIP_INSTALL = YES;
				STRING_CATALOG_GENERATE_SYMBOLS = YES;
				SWIFT_ACTIVE_COMPILATION_CONDITIONS = "DEBUG $(inherited)";
				SWIFT_EMIT_LOC_STRINGS = YES;
				SWIFT_OPTIMIZATION_LEVEL = "-Onone";
				SWIFT_UPCOMING_FEATURE_MEMBER_IMPORT_VISIBILITY = YES;
				SWIFT_VERSION = 5.0;
				TARGETED_DEVICE_FAMILY = 4;
				WATCHOS_DEPLOYMENT_TARGET = 26.0;
			};
			name = Debug;
		};
		4FE651B32E176E3A009A3DCF /* Release */ = {
			isa = XCBuildConfiguration;
			buildSettings = {
				ASSETCATALOG_COMPILER_GLOBAL_ACCENT_COLOR_NAME = AccentColor;
				ASSETCATALOG_COMPILER_WIDGET_BACKGROUND_COLOR_NAME = WidgetBackground;
				CODE_SIGN_STYLE = Automatic;
				CURRENT_PROJECT_VERSION = 1;
				DEVELOPMENT_TEAM = P53D29U9LJ;
				GENERATE_INFOPLIST_FILE = YES;
				INFOPLIST_FILE = MiscellaneousWidgetKit_Watch_WidgetExtension/Info.plist;
				INFOPLIST_KEY_CFBundleDisplayName = MiscellaneousWidgetKit_Watch_WidgetExtension;
				INFOPLIST_KEY_NSHumanReadableCopyright = "";
				LD_RUNPATH_SEARCH_PATHS = (
					"$(inherited)",
					"@executable_path/Frameworks",
					"@executable_path/../../Frameworks",
					"@executable_path/../../../../Frameworks",
				);
				MARKETING_VERSION = 1.0;
				PRODUCT_BUNDLE_IDENTIFIER = com.pookjw.MiscellaneousWidgetKit.watchkitapp.WidgetExtension;
				PRODUCT_NAME = "$(TARGET_NAME)";
				SDKROOT = watchos;
				SKIP_INSTALL = YES;
				STRING_CATALOG_GENERATE_SYMBOLS = YES;
				SWIFT_COMPILATION_MODE = wholemodule;
				SWIFT_EMIT_LOC_STRINGS = YES;
				SWIFT_UPCOMING_FEATURE_MEMBER_IMPORT_VISIBILITY = YES;
				SWIFT_VERSION = 5.0;
				TARGETED_DEVICE_FAMILY = 4;
				WATCHOS_DEPLOYMENT_TARGET = 26.0;
			};
			name = Release;
		};
		4FE6520D2E17CFEB009A3DCF /* Debug */ = {
			isa = XCBuildConfiguration;
			buildSettings = {
				ASSETCATALOG_COMPILER_APPICON_NAME = AppIcon;
				ASSETCATALOG_COMPILER_GLOBAL_ACCENT_COLOR_NAME = AccentColor;
				CLANG_ENABLE_MODULES = YES;
				CODE_SIGN_ENTITLEMENTS = MiscellaneousWidgetKit/MiscellaneousWidgetKit_Private.entitlements;
				CODE_SIGN_STYLE = Automatic;
				CURRENT_PROJECT_VERSION = 1;
				DEVELOPMENT_TEAM = "";
				GENERATE_INFOPLIST_FILE = YES;
				INFOPLIST_FILE = MiscellaneousWidgetKit/Info.plist;
				INFOPLIST_KEY_UIApplicationSupportsIndirectInputEvents = YES;
				INFOPLIST_KEY_UILaunchStoryboardName = LaunchScreen;
				INFOPLIST_KEY_UISupportedInterfaceOrientations_iPad = "UIInterfaceOrientationPortrait UIInterfaceOrientationPortraitUpsideDown UIInterfaceOrientationLandscapeLeft UIInterfaceOrientationLandscapeRight";
				INFOPLIST_KEY_UISupportedInterfaceOrientations_iPhone = "UIInterfaceOrientationPortrait UIInterfaceOrientationLandscapeLeft UIInterfaceOrientationLandscapeRight";
				LD_RUNPATH_SEARCH_PATHS = (
					"$(inherited)",
					"@executable_path/Frameworks",
				);
				MARKETING_VERSION = 1.0;
				PRODUCT_BUNDLE_IDENTIFIER = com.pookjw.MiscellaneousWidgetKit.Private;
				PRODUCT_NAME = "$(TARGET_NAME)";
				STRING_CATALOG_GENERATE_SYMBOLS = YES;
				SUPPORTED_PLATFORMS = "iphoneos iphonesimulator xros xrsimulator";
				SUPPORTS_MACCATALYST = NO;
				SWIFT_EMIT_LOC_STRINGS = YES;
				SWIFT_OBJC_BRIDGING_HEADER = "MiscellaneousWidgetKit/MiscellaneousWidgetKit-Bridging-Header.h";
				SWIFT_OBJC_INTERFACE_HEADER_NAME = "MiscellaneousWidgetKit-Swift.h";
				SWIFT_OPTIMIZATION_LEVEL = "-Onone";
				SWIFT_VERSION = 6.0;
				TARGETED_DEVICE_FAMILY = "1,2,7";
			};
			name = Debug;
		};
		4FE6520E2E17CFEB009A3DCF /* Release */ = {
			isa = XCBuildConfiguration;
			buildSettings = {
				ASSETCATALOG_COMPILER_APPICON_NAME = AppIcon;
				ASSETCATALOG_COMPILER_GLOBAL_ACCENT_COLOR_NAME = AccentColor;
				CLANG_ENABLE_MODULES = YES;
				CODE_SIGN_ENTITLEMENTS = MiscellaneousWidgetKit/MiscellaneousWidgetKit_Private.entitlements;
				CODE_SIGN_STYLE = Automatic;
				CURRENT_PROJECT_VERSION = 1;
				DEVELOPMENT_TEAM = "";
				GENERATE_INFOPLIST_FILE = YES;
				INFOPLIST_FILE = MiscellaneousWidgetKit/Info.plist;
				INFOPLIST_KEY_UIApplicationSupportsIndirectInputEvents = YES;
				INFOPLIST_KEY_UILaunchStoryboardName = LaunchScreen;
				INFOPLIST_KEY_UISupportedInterfaceOrientations_iPad = "UIInterfaceOrientationPortrait UIInterfaceOrientationPortraitUpsideDown UIInterfaceOrientationLandscapeLeft UIInterfaceOrientationLandscapeRight";
				INFOPLIST_KEY_UISupportedInterfaceOrientations_iPhone = "UIInterfaceOrientationPortrait UIInterfaceOrientationLandscapeLeft UIInterfaceOrientationLandscapeRight";
				LD_RUNPATH_SEARCH_PATHS = (
					"$(inherited)",
					"@executable_path/Frameworks",
				);
				MARKETING_VERSION = 1.0;
				PRODUCT_BUNDLE_IDENTIFIER = com.pookjw.MiscellaneousWidgetKit.Private;
				PRODUCT_NAME = "$(TARGET_NAME)";
				STRING_CATALOG_GENERATE_SYMBOLS = YES;
				SUPPORTED_PLATFORMS = "iphoneos iphonesimulator xros xrsimulator";
				SUPPORTS_MACCATALYST = NO;
				SWIFT_EMIT_LOC_STRINGS = YES;
				SWIFT_OBJC_BRIDGING_HEADER = "MiscellaneousWidgetKit/MiscellaneousWidgetKit-Bridging-Header.h";
				SWIFT_OBJC_INTERFACE_HEADER_NAME = "MiscellaneousWidgetKit-Swift.h";
				SWIFT_VERSION = 6.0;
				TARGETED_DEVICE_FAMILY = "1,2,7";
			};
			name = Release;
		};
		4FF0E7D22E16E5580015B206 /* Debug */ = {
			isa = XCBuildConfiguration;
			buildSettings = {
				ASSETCATALOG_COMPILER_APPICON_NAME = AppIcon;
				ASSETCATALOG_COMPILER_GLOBAL_ACCENT_COLOR_NAME = AccentColor;
				CLANG_ENABLE_MODULES = YES;
				CODE_SIGN_STYLE = Automatic;
				CURRENT_PROJECT_VERSION = 1;
				DEVELOPMENT_TEAM = P53D29U9LJ;
				ENABLE_PREVIEWS = YES;
				GENERATE_INFOPLIST_FILE = YES;
				INFOPLIST_KEY_CFBundleDisplayName = "MiscellaneousWidgetKit Watch";
				INFOPLIST_KEY_UISupportedInterfaceOrientations = "UIInterfaceOrientationPortrait UIInterfaceOrientationPortraitUpsideDown";
				INFOPLIST_KEY_WKCompanionAppBundleIdentifier = com.pookjw.MiscellaneousWidgetKit;
				LD_RUNPATH_SEARCH_PATHS = (
					"$(inherited)",
					"@executable_path/Frameworks",
				);
				MARKETING_VERSION = 1.0;
				PRODUCT_BUNDLE_IDENTIFIER = com.pookjw.MiscellaneousWidgetKit.watchkitapp;
				PRODUCT_NAME = "$(TARGET_NAME)";
				SDKROOT = watchos;
				SKIP_INSTALL = YES;
				STRING_CATALOG_GENERATE_SYMBOLS = YES;
				SWIFT_ACTIVE_COMPILATION_CONDITIONS = "DEBUG $(inherited)";
				SWIFT_DEFAULT_ACTOR_ISOLATION = MainActor;
				SWIFT_EMIT_LOC_STRINGS = YES;
				SWIFT_OBJC_BRIDGING_HEADER = "MiscellaneousWidgetKit_Watch/MiscellaneousWidgetKit_Watch-Bridging-Header.h";
				SWIFT_OPTIMIZATION_LEVEL = "-Onone";
				SWIFT_UPCOMING_FEATURE_MEMBER_IMPORT_VISIBILITY = YES;
				SWIFT_VERSION = 5.0;
				TARGETED_DEVICE_FAMILY = 4;
				WATCHOS_DEPLOYMENT_TARGET = 26.0;
			};
			name = Debug;
		};
		4FF0E7D32E16E5580015B206 /* Release */ = {
			isa = XCBuildConfiguration;
			buildSettings = {
				ASSETCATALOG_COMPILER_APPICON_NAME = AppIcon;
				ASSETCATALOG_COMPILER_GLOBAL_ACCENT_COLOR_NAME = AccentColor;
				CLANG_ENABLE_MODULES = YES;
				CODE_SIGN_STYLE = Automatic;
				CURRENT_PROJECT_VERSION = 1;
				DEVELOPMENT_TEAM = P53D29U9LJ;
				ENABLE_PREVIEWS = YES;
				GENERATE_INFOPLIST_FILE = YES;
				INFOPLIST_KEY_CFBundleDisplayName = "MiscellaneousWidgetKit Watch";
				INFOPLIST_KEY_UISupportedInterfaceOrientations = "UIInterfaceOrientationPortrait UIInterfaceOrientationPortraitUpsideDown";
				INFOPLIST_KEY_WKCompanionAppBundleIdentifier = com.pookjw.MiscellaneousWidgetKit;
				LD_RUNPATH_SEARCH_PATHS = (
					"$(inherited)",
					"@executable_path/Frameworks",
				);
				MARKETING_VERSION = 1.0;
				PRODUCT_BUNDLE_IDENTIFIER = com.pookjw.MiscellaneousWidgetKit.watchkitapp;
				PRODUCT_NAME = "$(TARGET_NAME)";
				SDKROOT = watchos;
				SKIP_INSTALL = YES;
				STRING_CATALOG_GENERATE_SYMBOLS = YES;
				SWIFT_COMPILATION_MODE = wholemodule;
				SWIFT_DEFAULT_ACTOR_ISOLATION = MainActor;
				SWIFT_EMIT_LOC_STRINGS = YES;
				SWIFT_OBJC_BRIDGING_HEADER = "MiscellaneousWidgetKit_Watch/MiscellaneousWidgetKit_Watch-Bridging-Header.h";
				SWIFT_UPCOMING_FEATURE_MEMBER_IMPORT_VISIBILITY = YES;
				SWIFT_VERSION = 5.0;
				TARGETED_DEVICE_FAMILY = 4;
				WATCHOS_DEPLOYMENT_TARGET = 26.0;
			};
			name = Release;
		};
/* End XCBuildConfiguration section */

/* Begin XCConfigurationList section */
		4F60E8802E1803BA00C896BB /* Build configuration list for PBXNativeTarget "MiscellaneousWidgetKit_WidgetExtension_Private" */ = {
			isa = XCConfigurationList;
			buildConfigurations = (
				4F60E8812E1803BA00C896BB /* Debug */,
				4F60E8822E1803BA00C896BB /* Release */,
			);
			defaultConfigurationIsVisible = 0;
			defaultConfigurationName = Release;
		};
		4F9EEA192E1672AB00602285 /* Build configuration list for PBXProject "MiscellaneousWidgetKit" */ = {
			isa = XCConfigurationList;
			buildConfigurations = (
				4F9EEA392E1672AC00602285 /* Debug */,
				4F9EEA3A2E1672AC00602285 /* Release */,
			);
			defaultConfigurationIsVisible = 0;
			defaultConfigurationName = Release;
		};
		4F9EEA362E1672AC00602285 /* Build configuration list for PBXNativeTarget "MiscellaneousWidgetKit" */ = {
			isa = XCConfigurationList;
			buildConfigurations = (
				4F9EEA372E1672AC00602285 /* Debug */,
				4F9EEA382E1672AC00602285 /* Release */,
			);
			defaultConfigurationIsVisible = 0;
			defaultConfigurationName = Release;
		};
		4F9EEACB2E16941800602285 /* Build configuration list for PBXNativeTarget "MiscellaneousWidgetKit_WidgetExtension" */ = {
			isa = XCConfigurationList;
			buildConfigurations = (
				4F9EEACC2E16941800602285 /* Debug */,
				4F9EEACD2E16941800602285 /* Release */,
			);
			defaultConfigurationIsVisible = 0;
			defaultConfigurationName = Release;
		};
		4FE651B12E176E3A009A3DCF /* Build configuration list for PBXNativeTarget "MiscellaneousWidgetKit_Watch_WidgetExtension" */ = {
			isa = XCConfigurationList;
			buildConfigurations = (
				4FE651B22E176E3A009A3DCF /* Debug */,
				4FE651B32E176E3A009A3DCF /* Release */,
			);
			defaultConfigurationIsVisible = 0;
			defaultConfigurationName = Release;
		};
		4FE6520C2E17CFEB009A3DCF /* Build configuration list for PBXNativeTarget "MiscellaneousWidgetKit_Private" */ = {
			isa = XCConfigurationList;
			buildConfigurations = (
				4FE6520D2E17CFEB009A3DCF /* Debug */,
				4FE6520E2E17CFEB009A3DCF /* Release */,
			);
			defaultConfigurationIsVisible = 0;
			defaultConfigurationName = Release;
		};
		4FF0E7D12E16E5580015B206 /* Build configuration list for PBXNativeTarget "MiscellaneousWidgetKit_Watch" */ = {
			isa = XCConfigurationList;
			buildConfigurations = (
				4FF0E7D22E16E5580015B206 /* Debug */,
				4FF0E7D32E16E5580015B206 /* Release */,
			);
			defaultConfigurationIsVisible = 0;
			defaultConfigurationName = Release;
		};
/* End XCConfigurationList section */
	};
	rootObject = 4F9EEA162E1672AB00602285 /* Project object */;
}
